
Microsoft Visual Studio Solution File, Format Version 12.00
# Visual Studio Version 16
VisualStudioVersion = 16.0.30717.126
MinimumVisualStudioVersion = 10.0.40219.1
Project("{FAE04EC0-301F-11D3-BF4B-00C04F79EFBC}") = "ShipStatus", "ShipStatus.csproj", "{AAB7411E-1A56-4369-AB91-BB6729DE2FA9}"
EndProject
Global
	GlobalSection(SolutionConfigurationPlatforms) = preSolution
		Debug|x64 = Debug|x64
	EndGlobalSection
	GlobalSection(ProjectConfigurationPlatforms) = postSolution
		{AAB7411E-1A56-4369-AB91-BB6729DE2FA9}.Debug|x64.ActiveCfg = Debug|x64
		{AAB7411E-1A56-4369-AB91-BB6729DE2FA9}.Debug|x64.Build.0 = Debug|x64
	EndGlobalSection
	GlobalSection(SolutionProperties) = preSolution
		HideSolutionNode = FALSE
	EndGlobalSection
	GlobalSection(ExtensibilityGlobals) = postSolution
		SolutionGuid = {9B33794D-8BDE-473F-987D-B2CF96218373}
	EndGlobalSection
EndGlobal
